
Microsoft Visual Studio Solution File, Format Version 12.00
# Visual Studio 15
VisualStudioVersion = 15.0.28307.329
MinimumVisualStudioVersion = 10.0.40219.1
Project("{FAE04EC0-301F-11D3-BF4B-00C04F79EFBC}") = "HaranuBot", "HaranuBot\HaranuBot.csproj", "{AB32810E-6527-4AC8-B994-E5F7DBCA5FEB}"
EndProject
Global
	GlobalSection(SolutionConfigurationPlatforms) = preSolution
		Debug|Any CPU = Debug|Any CPU
		Release|Any CPU = Release|Any CPU
	EndGlobalSection
	GlobalSection(ProjectConfigurationPlatforms) = postSolution
		{AB32810E-6527-4AC8-B994-E5F7DBCA5FEB}.Debug|Any CPU.ActiveCfg = Debug|Any CPU
		{AB32810E-6527-4AC8-B994-E5F7DBCA5FEB}.Debug|Any CPU.Build.0 = Debug|Any CPU
		{AB32810E-6527-4AC8-B994-E5F7DBCA5FEB}.Release|Any CPU.ActiveCfg = Release|Any CPU
		{AB32810E-6527-4AC8-B994-E5F7DBCA5FEB}.Release|Any CPU.Build.0 = Release|Any CPU
	EndGlobalSection
	GlobalSection(SolutionProperties) = preSolution
		HideSolutionNode = FALSE
	EndGlobalSection
	GlobalSection(ExtensibilityGlobals) = postSolution
		SolutionGuid = {D8C42163-ECFD-4F2E-AD8A-793583509094}
	EndGlobalSection
EndGlobal
